
Microsoft Visual Studio Solution File, Format Version 12.00
# Visual Studio Version 16
VisualStudioVersion = 16.0.30204.135
MinimumVisualStudioVersion = 10.0.40219.1
Project("{FAE04EC0-301F-11D3-BF4B-00C04F79EFBC}") = "Scaffolding", "Scaffolding\Scaffolding.csproj", "{FD9E380B-71B3-4010-B612-7198400C9CF6}"
EndProject
Global
	GlobalSection(SolutionConfigurationPlatforms) = preSolution
		Debug|Any CPU = Debug|Any CPU
		Release|Any CPU = Release|Any CPU
	EndGlobalSection
	GlobalSection(ProjectConfigurationPlatforms) = postSolution
		{FD9E380B-71B3-4010-B612-7198400C9CF6}.Debug|Any CPU.ActiveCfg = Debug|Any CPU
		{FD9E380B-71B3-4010-B612-7198400C9CF6}.Debug|Any CPU.Build.0 = Debug|Any CPU
		{FD9E380B-71B3-4010-B612-7198400C9CF6}.Release|Any CPU.ActiveCfg = Release|Any CPU
		{FD9E380B-71B3-4010-B612-7198400C9CF6}.Release|Any CPU.Build.0 = Release|Any CPU
	EndGlobalSection
	GlobalSection(SolutionProperties) = preSolution
		HideSolutionNode = FALSE
	EndGlobalSection
	GlobalSection(ExtensibilityGlobals) = postSolution
		SolutionGuid = {E67DC76E-69B1-4942-92D3-4CB7FFDF8DE8}
	EndGlobalSection
EndGlobal
